// !$*UTF8*$!
{
	archiveVersion = 1;
	classes = {
	};
	objectVersion = 46;
	objects = {

/* Begin PBXBuildFile section */
		062C39191E9A855600D9EB79 /* AppDelegate.swift in Sources */ = {isa = PBXBuildFile; fileRef = 062C39181E9A855600D9EB79 /* AppDelegate.swift */; };
		062C391B1E9A855600D9EB79 /* ViewController.swift in Sources */ = {isa = PBXBuildFile; fileRef = 062C391A1E9A855600D9EB79 /* ViewController.swift */; };
		062C391D1E9A855600D9EB79 /* Assets.xcassets in Resources */ = {isa = PBXBuildFile; fileRef = 062C391C1E9A855600D9EB79 /* Assets.xcassets */; };
		062C39201E9A855600D9EB79 /* Main.storyboard in Resources */ = {isa = PBXBuildFile; fileRef = 062C391E1E9A855600D9EB79 /* Main.storyboard */; };
		062C392B1E9A855600D9EB79 /* Xcode8GitExampleTests.swift in Sources */ = {isa = PBXBuildFile; fileRef = 062C392A1E9A855600D9EB79 /* Xcode8GitExampleTests.swift */; };
		062C39361E9A855600D9EB79 /* Xcode8GitExampleUITests.swift in Sources */ = {isa = PBXBuildFile; fileRef = 062C39351E9A855600D9EB79 /* Xcode8GitExampleUITests.swift */; };
/* End PBXBuildFile section */

/* Begin PBXContainerItemProxy section */
		062C39271E9A855600D9EB79 /* PBXContainerItemProxy */ = {
			isa = PBXContainerItemProxy;
			containerPortal = 062C390D1E9A855600D9EB79 /* Project object */;
			proxyType = 1;
			remoteGlobalIDString = 062C39141E9A855600D9EB79;
			remoteInfo = Xcode8GitExample;
		};
		062C39321E9A855600D9EB79 /* PBXContainerItemProxy */ = {
			isa = PBXContainerItemProxy;
			containerPortal = 062C390D1E9A855600D9EB79 /* Project object */;
			proxyType = 1;
			remoteGlobalIDString = 062C39141E9A855600D9EB79;
			remoteInfo = Xcode8GitExample;
		};
/* End PBXContainerItemProxy section */

/* Begin PBXFileReference section */
		062C39151E9A855600D9EB79 /* Xcode8GitExample.app */ = {isa = PBXFileReference; explicitFileType = wrapper.application; includeInIndex = 0; path = Xcode8GitExample.app; sourceTree = BUILT_PRODUCTS_DIR; };
		062C39181E9A855600D9EB79 /* AppDelegate.swift */ = {isa = PBXFileReference; lastKnownFileType = sourcecode.swift; path = AppDelegate.swift; sourceTree = "<group>"; };
		062C391A1E9A855600D9EB79 /* ViewController.swift */ = {isa = PBXFileReference; lastKnownFileType = sourcecode.swift; path = ViewController.swift; sourceTree = "<group>"; };
		062C391C1E9A855600D9EB79 /* Assets.xcassets */ = {isa = PBXFileReference; lastKnownFileType = folder.assetcatalog; path = Assets.xcassets; sourceTree = "<group>"; };
		062C391F1E9A855600D9EB79 /* Base */ = {isa = PBXFileReference; lastKnownFileType = file.storyboard; name = Base; path = Base.lproj/Main.storyboard; sourceTree = "<group>"; };
		062C39211E9A855600D9EB79 /* Info.plist */ = {isa = PBXFileReference; lastKnownFileType = text.plist.xml; path = Info.plist; sourceTree = "<group>"; };
		062C39261E9A855600D9EB79 /* Xcode8GitExampleTests.xctest */ = {isa = PBXFileReference; explicitFileType = wrapper.cfbundle; includeInIndex = 0; path = Xcode8GitExampleTests.xctest; sourceTree = BUILT_PRODUCTS_DIR; };
		062C392A1E9A855600D9EB79 /* Xcode8GitExampleTests.swift */ = {isa = PBXFileReference; lastKnownFileType = sourcecode.swift; path = Xcode8GitExampleTests.swift; sourceTree = "<group>"; };
		062C392C1E9A855600D9EB79 /* Info.plist */ = {isa = PBXFileReference; lastKnownFileType = text.plist.xml; path = Info.plist; sourceTree = "<group>"; };
		062C39311E9A855600D9EB79 /* Xcode8GitExampleUITests.xctest */ = {isa = PBXFileReference; explicitFileType = wrapper.cfbundle; includeInIndex = 0; path = Xcode8GitExampleUITests.xctest; sourceTree = BUILT_PRODUCTS_DIR; };
		062C39351E9A855600D9EB79 /* Xcode8GitExampleUITests.swift */ = {isa = PBXFileReference; lastKnownFileType = sourcecode.swift; path = Xcode8GitExampleUITests.swift; sourceTree = "<group>"; };
		062C39371E9A855600D9EB79 /* Info.plist */ = {isa = PBXFileReference; lastKnownFileType = text.plist.xml; path = Info.plist; sourceTree = "<group>"; };
/* End PBXFileReference section */

/* Begin PBXFrameworksBuildPhase section */
		062C39121E9A855600D9EB79 /* Frameworks */ = {
			isa = PBXFrameworksBuildPhase;
			buildActionMask = 2147483647;
			files = (
			);
			runOnlyForDeploymentPostprocessing = 0;
		};
		062C39231E9A855600D9EB79 /* Frameworks */ = {
			isa = PBXFrameworksBuildPhase;
			buildActionMask = 2147483647;
			files = (
			);
			runOnlyForDeploymentPostprocessing = 0;
		};
		062C392E1E9A855600D9EB79 /* Frameworks */ = {
			isa = PBXFrameworksBuildPhase;
			buildActionMask = 2147483647;
			files = (
			);
			runOnlyForDeploymentPostprocessing = 0;
		};
/* End PBXFrameworksBuildPhase section */

/* Begin PBXGroup section */
		062C390C1E9A855600D9EB79 = {
			isa = PBXGroup;
			children = (
				062C39171E9A855600D9EB79 /* Xcode8GitExample */,
				062C39291E9A855600D9EB79 /* Xcode8GitExampleTests */,
				062C39341E9A855600D9EB79 /* Xcode8GitExampleUITests */,
				062C39161E9A855600D9EB79 /* Products */,
			);
			sourceTree = "<group>";
		};
		062C39161E9A855600D9EB79 /* Products */ = {
			isa = PBXGroup;
			children = (
				062C39151E9A855600D9EB79 /* Xcode8GitExample.app */,
				062C39261E9A855600D9EB79 /* Xcode8GitExampleTests.xctest */,
				062C39311E9A855600D9EB79 /* Xcode8GitExampleUITests.xctest */,
			);
			name = Products;
			sourceTree = "<group>";
		};
		062C39171E9A855600D9EB79 /* Xcode8GitExample */ = {
			isa = PBXGroup;
			children = (
				062C39181E9A855600D9EB79 /* AppDelegate.swift */,
				062C391A1E9A855600D9EB79 /* ViewController.swift */,
				062C391C1E9A855600D9EB79 /* Assets.xcassets */,
				062C391E1E9A855600D9EB79 /* Main.storyboard */,
				062C39211E9A855600D9EB79 /* Info.plist */,
			);
			path = Xcode8GitExample;
			sourceTree = "<group>";
		};
		062C39291E9A855600D9EB79 /* Xcode8GitExampleTests */ = {
			isa = PBXGroup;
			children = (
				062C392A1E9A855600D9EB79 /* Xcode8GitExampleTests.swift */,
				062C392C1E9A855600D9EB79 /* Info.plist */,
			);
			path = Xcode8GitExampleTests;
			sourceTree = "<group>";
		};
		062C39341E9A855600D9EB79 /* Xcode8GitExampleUITests */ = {
			isa = PBXGroup;
			children = (
				062C39351E9A855600D9EB79 /* Xcode8GitExampleUITests.swift */,
				062C39371E9A855600D9EB79 /* Info.plist */,
			);
			path = Xcode8GitExampleUITests;
			sourceTree = "<group>";
		};
/* End PBXGroup section */

/* Begin PBXNativeTarget section */
		062C39141E9A855600D9EB79 /* Xcode8GitExample */ = {
			isa = PBXNativeTarget;
			buildConfigurationList = 062C393A1E9A855600D9EB79 /* Build configuration list for PBXNativeTarget "Xcode8GitExample" */;
			buildPhases = (
				062C39111E9A855600D9EB79 /* Sources */,
				062C39121E9A855600D9EB79 /* Frameworks */,
				062C39131E9A855600D9EB79 /* Resources */,
			);
			buildRules = (
			);
			dependencies = (
			);
			name = Xcode8GitExample;
			productName = Xcode8GitExample;
			productReference = 062C39151E9A855600D9EB79 /* Xcode8GitExample.app */;
			productType = "com.apple.product-type.application";
		};
		062C39251E9A855600D9EB79 /* Xcode8GitExampleTests */ = {
			isa = PBXNativeTarget;
			buildConfigurationList = 062C393D1E9A855600D9EB79 /* Build configuration list for PBXNativeTarget "Xcode8GitExampleTests" */;
			buildPhases = (
				062C39221E9A855600D9EB79 /* Sources */,
				062C39231E9A855600D9EB79 /* Frameworks */,
				062C39241E9A855600D9EB79 /* Resources */,
			);
			buildRules = (
			);
			dependencies = (
				062C39281E9A855600D9EB79 /* PBXTargetDependency */,
			);
			name = Xcode8GitExampleTests;
			productName = Xcode8GitExampleTests;
			productReference = 062C39261E9A855600D9EB79 /* Xcode8GitExampleTests.xctest */;
			productType = "com.apple.product-type.bundle.unit-test";
		};
		062C39301E9A855600D9EB79 /* Xcode8GitExampleUITests */ = {
			isa = PBXNativeTarget;
			buildConfigurationList = 062C39401E9A855600D9EB79 /* Build configuration list for PBXNativeTarget "Xcode8GitExampleUITests" */;
			buildPhases = (
				062C392D1E9A855600D9EB79 /* Sources */,
				062C392E1E9A855600D9EB79 /* Frameworks */,
				062C392F1E9A855600D9EB79 /* Resources */,
			);
			buildRules = (
			);
			dependencies = (
				062C39331E9A855600D9EB79 /* PBXTargetDependency */,
			);
			name = Xcode8GitExampleUITests;
			productName = Xcode8GitExampleUITests;
			productReference = 062C39311E9A855600D9EB79 /* Xcode8GitExampleUITests.xctest */;
			productType = "com.apple.product-type.bundle.ui-testing";
		};
/* End PBXNativeTarget section */

/* Begin PBXProject section */
		062C390D1E9A855600D9EB79 /* Project object */ = {
			isa = PBXProject;
			attributes = {
				LastSwiftUpdateCheck = 0830;
				LastUpgradeCheck = 0830;
				ORGANIZATIONNAME = "Noelia Alcala";
				TargetAttributes = {
					062C39141E9A855600D9EB79 = {
						CreatedOnToolsVersion = 8.3.1;
						ProvisioningStyle = Automatic;
					};
					062C39251E9A855600D9EB79 = {
						CreatedOnToolsVersion = 8.3.1;
						ProvisioningStyle = Automatic;
						TestTargetID = 062C39141E9A855600D9EB79;
					};
					062C39301E9A855600D9EB79 = {
						CreatedOnToolsVersion = 8.3.1;
						ProvisioningStyle = Automatic;
						TestTargetID = 062C39141E9A855600D9EB79;
					};
				};
			};
			buildConfigurationList = 062C39101E9A855600D9EB79 /* Build configuration list for PBXProject "Xcode8GitExample" */;
			compatibilityVersion = "Xcode 3.2";
			developmentRegion = English;
			hasScannedForEncodings = 0;
			knownRegions = (
				en,
				Base,
			);
			mainGroup = 062C390C1E9A855600D9EB79;
			productRefGroup = 062C39161E9A855600D9EB79 /* Products */;
			projectDirPath = "";
			projectRoot = "";
			targets = (
				062C39141E9A855600D9EB79 /* Xcode8GitExample */,
				062C39251E9A855600D9EB79 /* Xcode8GitExampleTests */,
				062C39301E9A855600D9EB79 /* Xcode8GitExampleUITests */,
			);
		};
/* End PBXProject section */

/* Begin PBXResourcesBuildPhase section */
		062C39131E9A855600D9EB79 /* Resources */ = {
			isa = PBXResourcesBuildPhase;
			buildActionMask = 2147483647;
			files = (
				062C391D1E9A855600D9EB79 /* Assets.xcassets in Resources */,
				062C39201E9A855600D9EB79 /* Main.storyboard in Resources */,
			);
			runOnlyForDeploymentPostprocessing = 0;
		};
		062C39241E9A855600D9EB79 /* Resources */ = {
			isa = PBXResourcesBuildPhase;
			buildActionMask = 2147483647;
			files = (
			);
			runOnlyForDeploymentPostprocessing = 0;
		};
		062C392F1E9A855600D9EB79 /* Resources */ = {
			isa = PBXResourcesBuildPhase;
			buildActionMask = 2147483647;
			files = (
			);
			runOnlyForDeploymentPostprocessing = 0;
		};
/* End PBXResourcesBuildPhase section */

/* Begin PBXSourcesBuildPhase section */
		062C39111E9A855600D9EB79 /* Sources */ = {
			isa = PBXSourcesBuildPhase;
			buildActionMask = 2147483647;
			files = (
				062C391B1E9A855600D9EB79 /* ViewController.swift in Sources */,
				062C39191E9A855600D9EB79 /* AppDelegate.swift in Sources */,
			);
			runOnlyForDeploymentPostprocessing = 0;
		};
		062C39221E9A855600D9EB79 /* Sources */ = {
			isa = PBXSourcesBuildPhase;
			buildActionMask = 2147483647;
			files = (
				062C392B1E9A855600D9EB79 /* Xcode8GitExampleTests.swift in Sources */,
			);
			runOnlyForDeploymentPostprocessing = 0;
		};
		062C392D1E9A855600D9EB79 /* Sources */ = {
			isa = PBXSourcesBuildPhase;
			buildActionMask = 2147483647;
			files = (
				062C39361E9A855600D9EB79 /* Xcode8GitExampleUITests.swift in Sources */,
			);
			runOnlyForDeploymentPostprocessing = 0;
		};
/* End PBXSourcesBuildPhase section */

/* Begin PBXTargetDependency section */
		062C39281E9A855600D9EB79 /* PBXTargetDependency */ = {
			isa = PBXTargetDependency;
			target = 062C39141E9A855600D9EB79 /* Xcode8GitExample */;
			targetProxy = 062C39271E9A855600D9EB79 /* PBXContainerItemProxy */;
		};
		062C39331E9A855600D9EB79 /* PBXTargetDependency */ = {
			isa = PBXTargetDependency;
			target = 062C39141E9A855600D9EB79 /* Xcode8GitExample */;
			targetProxy = 062C39321E9A855600D9EB79 /* PBXContainerItemProxy */;
		};
/* End PBXTargetDependency section */

/* Begin PBXVariantGroup section */
		062C391E1E9A855600D9EB79 /* Main.storyboard */ = {
			isa = PBXVariantGroup;
			children = (
				062C391F1E9A855600D9EB79 /* Base */,
			);
			name = Main.storyboard;
			sourceTree = "<group>";
		};
/* End PBXVariantGroup section */

/* Begin XCBuildConfiguration section */
		062C39381E9A855600D9EB79 /* Debug */ = {
			isa = XCBuildConfiguration;
			buildSettings = {
				ALWAYS_SEARCH_USER_PATHS = NO;
				CLANG_ANALYZER_NONNULL = YES;
				CLANG_ANALYZER_NUMBER_OBJECT_CONVERSION = YES_AGGRESSIVE;
				CLANG_CXX_LANGUAGE_STANDARD = "gnu++0x";
				CLANG_CXX_LIBRARY = "libc++";
				CLANG_ENABLE_MODULES = YES;
				CLANG_ENABLE_OBJC_ARC = YES;
				CLANG_WARN_BOOL_CONVERSION = YES;
				CLANG_WARN_CONSTANT_CONVERSION = YES;
				CLANG_WARN_DIRECT_OBJC_ISA_USAGE = YES_ERROR;
				CLANG_WARN_DOCUMENTATION_COMMENTS = YES;
				CLANG_WARN_EMPTY_BODY = YES;
				CLANG_WARN_ENUM_CONVERSION = YES;
				CLANG_WARN_INFINITE_RECURSION = YES;
				CLANG_WARN_INT_CONVERSION = YES;
				CLANG_WARN_OBJC_ROOT_CLASS = YES_ERROR;
				CLANG_WARN_SUSPICIOUS_MOVE = YES;
				CLANG_WARN_UNREACHABLE_CODE = YES;
				CLANG_WARN__DUPLICATE_METHOD_MATCH = YES;
				CODE_SIGN_IDENTITY = "-";
				COPY_PHASE_STRIP = NO;
				DEBUG_INFORMATION_FORMAT = dwarf;
				ENABLE_STRICT_OBJC_MSGSEND = YES;
				ENABLE_TESTABILITY = YES;
				GCC_C_LANGUAGE_STANDARD = gnu99;
				GCC_DYNAMIC_NO_PIC = NO;
				GCC_NO_COMMON_BLOCKS = YES;
				GCC_OPTIMIZATION_LEVEL = 0;
				GCC_PREPROCESSOR_DEFINITIONS = (
					"DEBUG=1",
					"$(inherited)",
				);
				GCC_WARN_64_TO_32_BIT_CONVERSION = YES;
				GCC_WARN_ABOUT_RETURN_TYPE = YES_ERROR;
				GCC_WARN_UNDECLARED_SELECTOR = YES;
				GCC_WARN_UNINITIALIZED_AUTOS = YES_AGGRESSIVE;
				GCC_WARN_UNUSED_FUNCTION = YES;
				GCC_WARN_UNUSED_VARIABLE = YES;
				MACOSX_DEPLOYMENT_TARGET = 10.12;
				MTL_ENABLE_DEBUG_INFO = YES;
				ONLY_ACTIVE_ARCH = YES;
				SDKROOT = macosx;
				SWIFT_ACTIVE_COMPILATION_CONDITIONS = DEBUG;
				SWIFT_OPTIMIZATION_LEVEL = "-Onone";
			};
			name = Debug;
		};
		062C39391E9A855600D9EB79 /* Release */ = {
			isa = XCBuildConfiguration;
			buildSettings = {
				ALWAYS_SEARCH_USER_PATHS = NO;
				CLANG_ANALYZER_NONNULL = YES;
				CLANG_ANALYZER_NUMBER_OBJECT_CONVERSION = YES_AGGRESSIVE;
				CLANG_CXX_LANGUAGE_STANDARD = "gnu++0x";
				CLANG_CXX_LIBRARY = "libc++";
				CLANG_ENABLE_MODULES = YES;
				CLANG_ENABLE_OBJC_ARC = YES;
				CLANG_WARN_BOOL_CONVERSION = YES;
				CLANG_WARN_CONSTANT_CONVERSION = YES;
				CLANG_WARN_DIRECT_OBJC_ISA_USAGE = YES_ERROR;
				CLANG_WARN_DOCUMENTATION_COMMENTS = YES;
				CLANG_WARN_EMPTY_BODY = YES;
				CLANG_WARN_ENUM_CONVERSION = YES;
				CLANG_WARN_INFINITE_RECURSION = YES;
				CLANG_WARN_INT_CONVERSION = YES;
				CLANG_WARN_OBJC_ROOT_CLASS = YES_ERROR;
				CLANG_WARN_SUSPICIOUS_MOVE = YES;
				CLANG_WARN_UNREACHABLE_CODE = YES;
				CLANG_WARN__DUPLICATE_METHOD_MATCH = YES;
				CODE_SIGN_IDENTITY = "-";
				COPY_PHASE_STRIP = NO;
				DEBUG_INFORMATION_FORMAT = "dwarf-with-dsym";
				ENABLE_NS_ASSERTIONS = NO;
				ENABLE_STRICT_OBJC_MSGSEND = YES;
				GCC_C_LANGUAGE_STANDARD = gnu99;
				GCC_NO_COMMON_BLOCKS = YES;
				GCC_WARN_64_TO_32_BIT_CONVERSION = YES;
				GCC_WARN_ABOUT_RETURN_TYPE = YES_ERROR;
				GCC_WARN_UNDECLARED_SELECTOR = YES;
				GCC_WARN_UNINITIALIZED_AUTOS = YES_AGGRESSIVE;
				GCC_WARN_UNUSED_FUNCTION = YES;
				GCC_WARN_UNUSED_VARIABLE = YES;
				MACOSX_DEPLOYMENT_TARGET = 10.12;
				MTL_ENABLE_DEBUG_INFO = NO;
				SDKROOT = macosx;
				SWIFT_OPTIMIZATION_LEVEL = "-Owholemodule";
			};
			name = Release;
		};
		062C393B1E9A855600D9EB79 /* Debug */ = {
			isa = XCBuildConfiguration;
			buildSettings = {
				ASSETCATALOG_COMPILER_APPICON_NAME = AppIcon;
				COMBINE_HIDPI_IMAGES = YES;
				INFOPLIST_FILE = Xcode8GitExample/Info.plist;
				LD_RUNPATH_SEARCH_PATHS = "$(inherited) @executable_path/../Frameworks";
				PRODUCT_BUNDLE_IDENTIFIER = com.nalcalag.Xcode8GitExample;
				PRODUCT_NAME = "$(TARGET_NAME)";
				SWIFT_VERSION = 3.0;
			};
			name = Debug;
		};
		062C393C1E9A855600D9EB79 /* Release */ = {
			isa = XCBuildConfiguration;
			buildSettings = {
				ASSETCATALOG_COMPILER_APPICON_NAME = AppIcon;
				COMBINE_HIDPI_IMAGES = YES;
				INFOPLIST_FILE = Xcode8GitExample/Info.plist;
				LD_RUNPATH_SEARCH_PATHS = "$(inherited) @executable_path/../Frameworks";
				PRODUCT_BUNDLE_IDENTIFIER = com.nalcalag.Xcode8GitExample;
				PRODUCT_NAME = "$(TARGET_NAME)";
				SWIFT_VERSION = 3.0;
			};
			name = Release;
		};
		062C393E1E9A855600D9EB79 /* Debug */ = {
			isa = XCBuildConfiguration;
			buildSettings = {
				ALWAYS_EMBED_SWIFT_STANDARD_LIBRARIES = YES;
				BUNDLE_LOADER = "$(TEST_HOST)";
				COMBINE_HIDPI_IMAGES = YES;
				INFOPLIST_FILE = Xcode8GitExampleTests/Info.plist;
				LD_RUNPATH_SEARCH_PATHS = "$(inherited) @executable_path/../Frameworks @loader_path/../Frameworks";
				PRODUCT_BUNDLE_IDENTIFIER = com.nalcalag.Xcode8GitExampleTests;
				PRODUCT_NAME = "$(TARGET_NAME)";
				SWIFT_VERSION = 3.0;
				TEST_HOST = "$(BUILT_PRODUCTS_DIR)/Xcode8GitExample.app/Contents/MacOS/Xcode8GitExample";
			};
			name = Debug;
		};
		062C393F1E9A855600D9EB79 /* Release */ = {
			isa = XCBuildConfiguration;
			buildSettings = {
				ALWAYS_EMBED_SWIFT_STANDARD_LIBRARIES = YES;
				BUNDLE_LOADER = "$(TEST_HOST)";
				COMBINE_HIDPI_IMAGES = YES;
				INFOPLIST_FILE = Xcode8GitExampleTests/Info.plist;
				LD_RUNPATH_SEARCH_PATHS = "$(inherited) @executable_path/../Frameworks @loader_path/../Frameworks";
				PRODUCT_BUNDLE_IDENTIFIER = com.nalcalag.Xcode8GitExampleTests;
				PRODUCT_NAME = "$(TARGET_NAME)";
				SWIFT_VERSION = 3.0;
				TEST_HOST = "$(BUILT_PRODUCTS_DIR)/Xcode8GitExample.app/Contents/MacOS/Xcode8GitExample";
			};
			name = Release;
		};
		062C39411E9A855600D9EB79 /* Debug */ = {
			isa = XCBuildConfiguration;
			buildSettings = {
				ALWAYS_EMBED_SWIFT_STANDARD_LIBRARIES = YES;
				COMBINE_HIDPI_IMAGES = YES;
				INFOPLIST_FILE = Xcode8GitExampleUITests/Info.plist;
				LD_RUNPATH_SEARCH_PATHS = "$(inherited) @executable_path/../Frameworks @loader_path/../Frameworks";
				PRODUCT_BUNDLE_IDENTIFIER = com.nalcalag.Xcode8GitExampleUITests;
				PRODUCT_NAME = "$(TARGET_NAME)";
				SWIFT_VERSION = 3.0;
				TEST_TARGET_NAME = Xcode8GitExample;
			};
			name = Debug;
		};
		062C39421E9A855600D9EB79 /* Release */ = {
			isa = XCBuildConfiguration;
			buildSettings = {
				ALWAYS_EMBED_SWIFT_STANDARD_LIBRARIES = YES;
				COMBINE_HIDPI_IMAGES = YES;
				INFOPLIST_FILE = Xcode8GitExampleUITests/Info.plist;
				LD_RUNPATH_SEARCH_PATHS = "$(inherited) @executable_path/../Frameworks @loader_path/../Frameworks";
				PRODUCT_BUNDLE_IDENTIFIER = com.nalcalag.Xcode8GitExampleUITests;
				PRODUCT_NAME = "$(TARGET_NAME)";
				SWIFT_VERSION = 3.0;
				TEST_TARGET_NAME = Xcode8GitExample;
			};
			name = Release;
		};
/* End XCBuildConfiguration section */

/* Begin XCConfigurationList section */
		062C39101E9A855600D9EB79 /* Build configuration list for PBXProject "Xcode8GitExample" */ = {
			isa = XCConfigurationList;
			buildConfigurations = (
				062C39381E9A855600D9EB79 /* Debug */,
				062C39391E9A855600D9EB79 /* Release */,
			);
			defaultConfigurationIsVisible = 0;
			defaultConfigurationName = Release;
		};
		062C393A1E9A855600D9EB79 /* Build configuration list for PBXNativeTarget "Xcode8GitExample" */ = {
			isa = XCConfigurationList;
			buildConfigurations = (
				062C393B1E9A855600D9EB79 /* Debug */,
				062C393C1E9A855600D9EB79 /* Release */,
			);
			defaultConfigurationIsVisible = 0;
		};
		062C393D1E9A855600D9EB79 /* Build configuration list for PBXNativeTarget "Xcode8GitExampleTests" */ = {
			isa = XCConfigurationList;
			buildConfigurations = (
				062C393E1E9A855600D9EB79 /* Debug */,
				062C393F1E9A855600D9EB79 /* Release */,
			);
			defaultConfigurationIsVisible = 0;
		};
		062C39401E9A855600D9EB79 /* Build configuration list for PBXNativeTarget "Xcode8GitExampleUITests" */ = {
			isa = XCConfigurationList;
			buildConfigurations = (
				062C39411E9A855600D9EB79 /* Debug */,
				062C39421E9A855600D9EB79 /* Release */,
			);
			defaultConfigurationIsVisible = 0;
		};
/* End XCConfigurationList section */
	};
	rootObject = 062C390D1E9A855600D9EB79 /* Project object */;
}
